// !$*UTF8*$!
{
	archiveVersion = 1;
	classes = {
	};
	objectVersion = 55;
	objects = {

/* Begin PBXBuildFile section */
		29420E9C29A854E0000FDE9C /* AB-Calendar.pdf in Resources */ = {isa = PBXBuildFile; fileRef = 29420E9A29A854E0000FDE9C /* AB-Calendar.pdf */; };
		29420E9F29A85545000FDE9C /* CustomPDFView.swift in Sources */ = {isa = PBXBuildFile; fileRef = 29420E9E29A85545000FDE9C /* CustomPDFView.swift */; };
		29420EA329A855A5000FDE9C /* Utilities.swift in Sources */ = {isa = PBXBuildFile; fileRef = 29420EA229A855A5000FDE9C /* Utilities.swift */; };
		29420EA629A859E0000FDE9C /* Lunch-Schedule.pdf in Resources */ = {isa = PBXBuildFile; fileRef = 29420EA529A859E0000FDE9C /* Lunch-Schedule.pdf */; };
		29420EA929A85A02000FDE9C /* SchedulesView.swift in Sources */ = {isa = PBXBuildFile; fileRef = 29420EA829A85A02000FDE9C /* SchedulesView.swift */; };
		29420EB029A8E8B4000FDE9C /* School_Schedule.pdf in Resources */ = {isa = PBXBuildFile; fileRef = 29420EAE29A8E8B3000FDE9C /* School_Schedule.pdf */; };
		29420EB129A8E8B4000FDE9C /* Friday_Schedule.pdf in Resources */ = {isa = PBXBuildFile; fileRef = 29420EAF29A8E8B3000FDE9C /* Friday_Schedule.pdf */; };
		29420EB329A8EA23000FDE9C /* Fee_Schedules.pdf in Resources */ = {isa = PBXBuildFile; fileRef = 29420EB229A8EA23000FDE9C /* Fee_Schedules.pdf */; };
		29420EB529A8EA92000FDE9C /* School_Disclosure.pdf in Resources */ = {isa = PBXBuildFile; fileRef = 29420EB429A8EA92000FDE9C /* School_Disclosure.pdf */; };
		29420EB729A8EAF1000FDE9C /* PolicyView.swift in Sources */ = {isa = PBXBuildFile; fileRef = 29420EB629A8EAF1000FDE9C /* PolicyView.swift */; };
		29420EB929A8ED79000FDE9C /* Attendance_Policy.pdf in Resources */ = {isa = PBXBuildFile; fileRef = 29420EB829A8ED79000FDE9C /* Attendance_Policy.pdf */; };
		29420EBB29A8EDDB000FDE9C /* School_Fee_Policy.pdf in Resources */ = {isa = PBXBuildFile; fileRef = 29420EBA29A8EDDB000FDE9C /* School_Fee_Policy.pdf */; };
		29420EBD29A8EE75000FDE9C /* Technology_Policy.pdf in Resources */ = {isa = PBXBuildFile; fileRef = 29420EBC29A8EE75000FDE9C /* Technology_Policy.pdf */; };
		29420EBF29A8EEC5000FDE9C /* District_Policy.pdf in Resources */ = {isa = PBXBuildFile; fileRef = 29420EBE29A8EEC5000FDE9C /* District_Policy.pdf */; };
		29420EC129A8EF3E000FDE9C /* ProgramsView.swift in Sources */ = {isa = PBXBuildFile; fileRef = 29420EC029A8EF3E000FDE9C /* ProgramsView.swift */; };
		29420EC329A8F12E000FDE9C /* Concurrent_Enrollment.pdf in Resources */ = {isa = PBXBuildFile; fileRef = 29420EC229A8F12E000FDE9C /* Concurrent_Enrollment.pdf */; };
		29420EC529A9016F000FDE9C /* CTE_Classes.pdf in Resources */ = {isa = PBXBuildFile; fileRef = 29420EC429A9016F000FDE9C /* CTE_Classes.pdf */; };
		29420EC729A90223000FDE9C /* Sterling_Scholar.pdf in Resources */ = {isa = PBXBuildFile; fileRef = 29420EC629A90223000FDE9C /* Sterling_Scholar.pdf */; };
		29420EC929A902B4000FDE9C /* AP_Courses.pdf in Resources */ = {isa = PBXBuildFile; fileRef = 29420EC829A902B4000FDE9C /* AP_Courses.pdf */; };
		29420ECB29AA8BA8000FDE9C /* MainMessagesView.swift in Sources */ = {isa = PBXBuildFile; fileRef = 29420ECA29AA8BA8000FDE9C /* MainMessagesView.swift */; };
		29420ECE29AA9712000FDE9C /* ImagePicker.swift in Sources */ = {isa = PBXBuildFile; fileRef = 29420ECD29AA9712000FDE9C /* ImagePicker.swift */; };
		296764D528CCD65A0043A235 /* TimeTrackAppApp.swift in Sources */ = {isa = PBXBuildFile; fileRef = 296764D428CCD65A0043A235 /* TimeTrackAppApp.swift */; };
		296764D728CCD65A0043A235 /* LoginView.swift in Sources */ = {isa = PBXBuildFile; fileRef = 296764D628CCD65A0043A235 /* LoginView.swift */; };
		296764D928CCD65C0043A235 /* Assets.xcassets in Resources */ = {isa = PBXBuildFile; fileRef = 296764D828CCD65C0043A235 /* Assets.xcassets */; };
		296764DC28CCD65C0043A235 /* Preview Assets.xcassets in Resources */ = {isa = PBXBuildFile; fileRef = 296764DB28CCD65C0043A235 /* Preview Assets.xcassets */; };
		296764E628CCD65C0043A235 /* TimeTrackAppTests.swift in Sources */ = {isa = PBXBuildFile; fileRef = 296764E528CCD65C0043A235 /* TimeTrackAppTests.swift */; };
		296764F028CCD65C0043A235 /* TimeTrackAppUITests.swift in Sources */ = {isa = PBXBuildFile; fileRef = 296764EF28CCD65C0043A235 /* TimeTrackAppUITests.swift */; };
		296764F228CCD65C0043A235 /* TimeTrackAppUITestsLaunchTests.swift in Sources */ = {isa = PBXBuildFile; fileRef = 296764F128CCD65C0043A235 /* TimeTrackAppUITestsLaunchTests.swift */; };
		2967650028CCD6D80043A235 /* SplashScreenView.swift in Sources */ = {isa = PBXBuildFile; fileRef = 296764FF28CCD6D80043A235 /* SplashScreenView.swift */; };
		2967650228CD570F0043A235 /* TabBarView.swift in Sources */ = {isa = PBXBuildFile; fileRef = 2967650128CD570F0043A235 /* TabBarView.swift */; };
		2967650428CD5A180043A235 /* DashboardView.swift in Sources */ = {isa = PBXBuildFile; fileRef = 2967650328CD5A180043A235 /* DashboardView.swift */; };
		2967650628CD5A290043A235 /* SchoolInfoView.swift in Sources */ = {isa = PBXBuildFile; fileRef = 2967650528CD5A290043A235 /* SchoolInfoView.swift */; };
		2967650828CD5A600043A235 /* UpcomingEventsView.swift in Sources */ = {isa = PBXBuildFile; fileRef = 2967650728CD5A600043A235 /* UpcomingEventsView.swift */; };
		2967650A28CD5B2B0043A235 /* AttendanceView.swift in Sources */ = {isa = PBXBuildFile; fileRef = 2967650928CD5B2B0043A235 /* AttendanceView.swift */; };
		2967650C28CD5B410043A235 /* SocialView.swift in Sources */ = {isa = PBXBuildFile; fileRef = 2967650B28CD5B410043A235 /* SocialView.swift */; };
		2967650E28CD5CAE0043A235 /* ProfileView.swift in Sources */ = {isa = PBXBuildFile; fileRef = 2967650D28CD5CAE0043A235 /* ProfileView.swift */; };
		2976F2DF2A3BAC2E0071CF22 /* TestingNewIdeas in Resources */ = {isa = PBXBuildFile; fileRef = 2976F2DE2A3BAC2E0071CF22 /* TestingNewIdeas */; };
		2976F2E12A3BB43C0071CF22 /* LoadEvent.swift in Sources */ = {isa = PBXBuildFile; fileRef = 2976F2E02A3BB43C0071CF22 /* LoadEvent.swift */; };
		2976F2E62A3BB9D10071CF22 /* Events.swift in Sources */ = {isa = PBXBuildFile; fileRef = 2976F2E52A3BB9D10071CF22 /* Events.swift */; };
		2992F27228E3852600DC69AA /* CreateAccountConfirmationView.swift in Sources */ = {isa = PBXBuildFile; fileRef = 2992F27128E3852600DC69AA /* CreateAccountConfirmationView.swift */; };
		2999BEC02954C3D900DEF6F6 /* BotResponse.swift in Sources */ = {isa = PBXBuildFile; fileRef = 2999BEBF2954C3D800DEF6F6 /* BotResponse.swift */; };
		2999BEC229560D3C00DEF6F6 /* ProfileConfirmationView.swift in Sources */ = {isa = PBXBuildFile; fileRef = 2999BEC129560D3C00DEF6F6 /* ProfileConfirmationView.swift */; };
		29D040BA29B3AD440003893D /* WebView.swift in Sources */ = {isa = PBXBuildFile; fileRef = 29D040B929B3AD440003893D /* WebView.swift */; };
		29D040BD29B413E70003893D /* OpenAISwift in Frameworks */ = {isa = PBXBuildFile; productRef = 29D040BC29B413E70003893D /* OpenAISwift */; };
		29DDC35E28DB9D4B00FCC3F0 /* MapView.swift in Sources */ = {isa = PBXBuildFile; fileRef = 29DDC35D28DB9D4B00FCC3F0 /* MapView.swift */; };
		29DDC36128DC10DD00FCC3F0 /* EventsView.swift in Sources */ = {isa = PBXBuildFile; fileRef = 29DDC36028DC10DD00FCC3F0 /* EventsView.swift */; };
		29FE3B0D28DD4F220026B8E3 /* User.swift in Sources */ = {isa = PBXBuildFile; fileRef = 29FE3B0C28DD4F220026B8E3 /* User.swift */; };
		29FE3B0F28DD4F320026B8E3 /* UserData.swift in Sources */ = {isa = PBXBuildFile; fileRef = 29FE3B0E28DD4F320026B8E3 /* UserData.swift */; };
		29FE3B1228DE52AB0026B8E3 /* AttendanceConfirmationView.swift in Sources */ = {isa = PBXBuildFile; fileRef = 29FE3B1128DE52AB0026B8E3 /* AttendanceConfirmationView.swift */; };
		29FE3B1C28DF96DE0026B8E3 /* Announcement.swift in Sources */ = {isa = PBXBuildFile; fileRef = 29FE3B1B28DF96DE0026B8E3 /* Announcement.swift */; };
		29FE3B1E28DF96EC0026B8E3 /* AnnouncementData.swift in Sources */ = {isa = PBXBuildFile; fileRef = 29FE3B1D28DF96EC0026B8E3 /* AnnouncementData.swift */; };
		52D56B3F2A417B4100F5D2DD /* FirebaseAuth in Frameworks */ = {isa = PBXBuildFile; productRef = 52D56B3E2A417B4100F5D2DD /* FirebaseAuth */; };
		52D56B412A417B4100F5D2DD /* FirebaseFirestore in Frameworks */ = {isa = PBXBuildFile; productRef = 52D56B402A417B4100F5D2DD /* FirebaseFirestore */; };
		52D56B432A417B4100F5D2DD /* FirebaseStorage in Frameworks */ = {isa = PBXBuildFile; productRef = 52D56B422A417B4100F5D2DD /* FirebaseStorage */; };
		52D56B452A417C1100F5D2DD /* GoogleService-Info.plist in Resources */ = {isa = PBXBuildFile; fileRef = 52D56B442A417C1100F5D2DD /* GoogleService-Info.plist */; };
		944B28F328DA0E98003C52DD /* Maps.swift in Sources */ = {isa = PBXBuildFile; fileRef = 944B28F228DA0E98003C52DD /* Maps.swift */; };
		944B28F528DA0EC5003C52DD /* MapsData.swift in Sources */ = {isa = PBXBuildFile; fileRef = 944B28F428DA0EC5003C52DD /* MapsData.swift */; };
		94979E6128DDFAFC00105B3C /* CreateAccountView.swift in Sources */ = {isa = PBXBuildFile; fileRef = 94979E6028DDFAFC00105B3C /* CreateAccountView.swift */; };
/* End PBXBuildFile section */

/* Begin PBXContainerItemProxy section */
		296764E228CCD65C0043A235 /* PBXContainerItemProxy */ = {
			isa = PBXContainerItemProxy;
			containerPortal = 296764C928CCD65A0043A235 /* Project object */;
			proxyType = 1;
			remoteGlobalIDString = 296764D028CCD65A0043A235;
			remoteInfo = TimeTrackApp;
		};
		296764EC28CCD65C0043A235 /* PBXContainerItemProxy */ = {
			isa = PBXContainerItemProxy;
			containerPortal = 296764C928CCD65A0043A235 /* Project object */;
			proxyType = 1;
			remoteGlobalIDString = 296764D028CCD65A0043A235;
			remoteInfo = TimeTrackApp;
		};
/* End PBXContainerItemProxy section */

/* Begin PBXFileReference section */
		29420E9A29A854E0000FDE9C /* AB-Calendar.pdf */ = {isa = PBXFileReference; lastKnownFileType = image.pdf; path = "AB-Calendar.pdf"; sourceTree = "<group>"; };
		29420E9E29A85545000FDE9C /* CustomPDFView.swift */ = {isa = PBXFileReference; lastKnownFileType = sourcecode.swift; path = CustomPDFView.swift; sourceTree = "<group>"; };
		29420EA229A855A5000FDE9C /* Utilities.swift */ = {isa = PBXFileReference; lastKnownFileType = sourcecode.swift; path = Utilities.swift; sourceTree = "<group>"; };
		29420EA529A859E0000FDE9C /* Lunch-Schedule.pdf */ = {isa = PBXFileReference; lastKnownFileType = image.pdf; path = "Lunch-Schedule.pdf"; sourceTree = "<group>"; };
		29420EA829A85A02000FDE9C /* SchedulesView.swift */ = {isa = PBXFileReference; lastKnownFileType = sourcecode.swift; path = SchedulesView.swift; sourceTree = "<group>"; };
		29420EAE29A8E8B3000FDE9C /* School_Schedule.pdf */ = {isa = PBXFileReference; lastKnownFileType = image.pdf; path = School_Schedule.pdf; sourceTree = "<group>"; };
		29420EAF29A8E8B3000FDE9C /* Friday_Schedule.pdf */ = {isa = PBXFileReference; lastKnownFileType = image.pdf; path = Friday_Schedule.pdf; sourceTree = "<group>"; };
		29420EB229A8EA23000FDE9C /* Fee_Schedules.pdf */ = {isa = PBXFileReference; lastKnownFileType = image.pdf; path = Fee_Schedules.pdf; sourceTree = "<group>"; };
		29420EB429A8EA92000FDE9C /* School_Disclosure.pdf */ = {isa = PBXFileReference; lastKnownFileType = image.pdf; path = School_Disclosure.pdf; sourceTree = "<group>"; };
		29420EB629A8EAF1000FDE9C /* PolicyView.swift */ = {isa = PBXFileReference; lastKnownFileType = sourcecode.swift; path = PolicyView.swift; sourceTree = "<group>"; };
		29420EB829A8ED79000FDE9C /* Attendance_Policy.pdf */ = {isa = PBXFileReference; lastKnownFileType = image.pdf; path = Attendance_Policy.pdf; sourceTree = "<group>"; };
		29420EBA29A8EDDB000FDE9C /* School_Fee_Policy.pdf */ = {isa = PBXFileReference; lastKnownFileType = image.pdf; path = School_Fee_Policy.pdf; sourceTree = "<group>"; };
		29420EBC29A8EE75000FDE9C /* Technology_Policy.pdf */ = {isa = PBXFileReference; lastKnownFileType = image.pdf; path = Technology_Policy.pdf; sourceTree = "<group>"; };
		29420EBE29A8EEC5000FDE9C /* District_Policy.pdf */ = {isa = PBXFileReference; lastKnownFileType = image.pdf; path = District_Policy.pdf; sourceTree = "<group>"; };
		29420EC029A8EF3E000FDE9C /* ProgramsView.swift */ = {isa = PBXFileReference; lastKnownFileType = sourcecode.swift; path = ProgramsView.swift; sourceTree = "<group>"; };
		29420EC229A8F12E000FDE9C /* Concurrent_Enrollment.pdf */ = {isa = PBXFileReference; lastKnownFileType = image.pdf; path = Concurrent_Enrollment.pdf; sourceTree = "<group>"; };
		29420EC429A9016F000FDE9C /* CTE_Classes.pdf */ = {isa = PBXFileReference; lastKnownFileType = image.pdf; path = CTE_Classes.pdf; sourceTree = "<group>"; };
		29420EC629A90223000FDE9C /* Sterling_Scholar.pdf */ = {isa = PBXFileReference; lastKnownFileType = image.pdf; path = Sterling_Scholar.pdf; sourceTree = "<group>"; };
		29420EC829A902B4000FDE9C /* AP_Courses.pdf */ = {isa = PBXFileReference; lastKnownFileType = image.pdf; path = AP_Courses.pdf; sourceTree = "<group>"; };
		29420ECA29AA8BA8000FDE9C /* MainMessagesView.swift */ = {isa = PBXFileReference; lastKnownFileType = sourcecode.swift; path = MainMessagesView.swift; sourceTree = "<group>"; };
		29420ECD29AA9712000FDE9C /* ImagePicker.swift */ = {isa = PBXFileReference; lastKnownFileType = sourcecode.swift; path = ImagePicker.swift; sourceTree = "<group>"; };
		296764D128CCD65A0043A235 /* TimeTrackApp.app */ = {isa = PBXFileReference; explicitFileType = wrapper.application; includeInIndex = 0; path = TimeTrackApp.app; sourceTree = BUILT_PRODUCTS_DIR; };
		296764D428CCD65A0043A235 /* TimeTrackAppApp.swift */ = {isa = PBXFileReference; lastKnownFileType = sourcecode.swift; path = TimeTrackAppApp.swift; sourceTree = "<group>"; };
		296764D628CCD65A0043A235 /* LoginView.swift */ = {isa = PBXFileReference; lastKnownFileType = sourcecode.swift; path = LoginView.swift; sourceTree = "<group>"; };
		296764D828CCD65C0043A235 /* Assets.xcassets */ = {isa = PBXFileReference; lastKnownFileType = folder.assetcatalog; path = Assets.xcassets; sourceTree = "<group>"; };
		296764DB28CCD65C0043A235 /* Preview Assets.xcassets */ = {isa = PBXFileReference; lastKnownFileType = folder.assetcatalog; path = "Preview Assets.xcassets"; sourceTree = "<group>"; };
		296764E128CCD65C0043A235 /* TimeTrackAppTests.xctest */ = {isa = PBXFileReference; explicitFileType = wrapper.cfbundle; includeInIndex = 0; path = TimeTrackAppTests.xctest; sourceTree = BUILT_PRODUCTS_DIR; };
		296764E528CCD65C0043A235 /* TimeTrackAppTests.swift */ = {isa = PBXFileReference; lastKnownFileType = sourcecode.swift; path = TimeTrackAppTests.swift; sourceTree = "<group>"; };
		296764EB28CCD65C0043A235 /* TimeTrackAppUITests.xctest */ = {isa = PBXFileReference; explicitFileType = wrapper.cfbundle; includeInIndex = 0; path = TimeTrackAppUITests.xctest; sourceTree = BUILT_PRODUCTS_DIR; };
		296764EF28CCD65C0043A235 /* TimeTrackAppUITests.swift */ = {isa = PBXFileReference; lastKnownFileType = sourcecode.swift; path = TimeTrackAppUITests.swift; sourceTree = "<group>"; };
		296764F128CCD65C0043A235 /* TimeTrackAppUITestsLaunchTests.swift */ = {isa = PBXFileReference; lastKnownFileType = sourcecode.swift; path = TimeTrackAppUITestsLaunchTests.swift; sourceTree = "<group>"; };
		296764FF28CCD6D80043A235 /* SplashScreenView.swift */ = {isa = PBXFileReference; lastKnownFileType = sourcecode.swift; path = SplashScreenView.swift; sourceTree = "<group>"; };
		2967650128CD570F0043A235 /* TabBarView.swift */ = {isa = PBXFileReference; lastKnownFileType = sourcecode.swift; path = TabBarView.swift; sourceTree = "<group>"; };
		2967650328CD5A180043A235 /* DashboardView.swift */ = {isa = PBXFileReference; lastKnownFileType = sourcecode.swift; path = DashboardView.swift; sourceTree = "<group>"; };
		2967650528CD5A290043A235 /* SchoolInfoView.swift */ = {isa = PBXFileReference; lastKnownFileType = sourcecode.swift; path = SchoolInfoView.swift; sourceTree = "<group>"; };
		2967650728CD5A600043A235 /* UpcomingEventsView.swift */ = {isa = PBXFileReference; lastKnownFileType = sourcecode.swift; path = UpcomingEventsView.swift; sourceTree = "<group>"; };
		2967650928CD5B2B0043A235 /* AttendanceView.swift */ = {isa = PBXFileReference; lastKnownFileType = sourcecode.swift; path = AttendanceView.swift; sourceTree = "<group>"; };
		2967650B28CD5B410043A235 /* SocialView.swift */ = {isa = PBXFileReference; lastKnownFileType = sourcecode.swift; path = SocialView.swift; sourceTree = "<group>"; };
		2967650D28CD5CAE0043A235 /* ProfileView.swift */ = {isa = PBXFileReference; lastKnownFileType = sourcecode.swift; path = ProfileView.swift; sourceTree = "<group>"; };
		2976F2DE2A3BAC2E0071CF22 /* TestingNewIdeas */ = {isa = PBXFileReference; lastKnownFileType = folder; path = TestingNewIdeas; sourceTree = "<group>"; };
		2976F2E02A3BB43C0071CF22 /* LoadEvent.swift */ = {isa = PBXFileReference; lastKnownFileType = sourcecode.swift; path = LoadEvent.swift; sourceTree = "<group>"; };
		2976F2E52A3BB9D10071CF22 /* Events.swift */ = {isa = PBXFileReference; lastKnownFileType = sourcecode.swift; path = Events.swift; sourceTree = "<group>"; };
		2992F27128E3852600DC69AA /* CreateAccountConfirmationView.swift */ = {isa = PBXFileReference; lastKnownFileType = sourcecode.swift; path = CreateAccountConfirmationView.swift; sourceTree = "<group>"; };
		2999BEBF2954C3D800DEF6F6 /* BotResponse.swift */ = {isa = PBXFileReference; lastKnownFileType = sourcecode.swift; path = BotResponse.swift; sourceTree = "<group>"; };
		2999BEC129560D3C00DEF6F6 /* ProfileConfirmationView.swift */ = {isa = PBXFileReference; lastKnownFileType = sourcecode.swift; path = ProfileConfirmationView.swift; sourceTree = "<group>"; };
		29D040B929B3AD440003893D /* WebView.swift */ = {isa = PBXFileReference; lastKnownFileType = sourcecode.swift; path = WebView.swift; sourceTree = "<group>"; };
		29DDC35D28DB9D4B00FCC3F0 /* MapView.swift */ = {isa = PBXFileReference; lastKnownFileType = sourcecode.swift; path = MapView.swift; sourceTree = "<group>"; };
		29DDC36028DC10DD00FCC3F0 /* EventsView.swift */ = {isa = PBXFileReference; lastKnownFileType = sourcecode.swift; path = EventsView.swift; sourceTree = "<group>"; };
		29FE3B0C28DD4F220026B8E3 /* User.swift */ = {isa = PBXFileReference; lastKnownFileType = sourcecode.swift; path = User.swift; sourceTree = "<group>"; };
		29FE3B0E28DD4F320026B8E3 /* UserData.swift */ = {isa = PBXFileReference; lastKnownFileType = sourcecode.swift; path = UserData.swift; sourceTree = "<group>"; };
		29FE3B1128DE52AB0026B8E3 /* AttendanceConfirmationView.swift */ = {isa = PBXFileReference; lastKnownFileType = sourcecode.swift; path = AttendanceConfirmationView.swift; sourceTree = "<group>"; };
		29FE3B1B28DF96DE0026B8E3 /* Announcement.swift */ = {isa = PBXFileReference; lastKnownFileType = sourcecode.swift; path = Announcement.swift; sourceTree = "<group>"; };
		29FE3B1D28DF96EC0026B8E3 /* AnnouncementData.swift */ = {isa = PBXFileReference; lastKnownFileType = sourcecode.swift; path = AnnouncementData.swift; sourceTree = "<group>"; };
		52D56B442A417C1100F5D2DD /* GoogleService-Info.plist */ = {isa = PBXFileReference; fileEncoding = 4; lastKnownFileType = text.plist.xml; name = "GoogleService-Info.plist"; path = "../../../../../Downloads/GoogleService-Info.plist"; sourceTree = "<group>"; };
		944B28F228DA0E98003C52DD /* Maps.swift */ = {isa = PBXFileReference; lastKnownFileType = sourcecode.swift; path = Maps.swift; sourceTree = "<group>"; };
		944B28F428DA0EC5003C52DD /* MapsData.swift */ = {isa = PBXFileReference; lastKnownFileType = sourcecode.swift; path = MapsData.swift; sourceTree = "<group>"; };
		94979E6028DDFAFC00105B3C /* CreateAccountView.swift */ = {isa = PBXFileReference; lastKnownFileType = sourcecode.swift; path = CreateAccountView.swift; sourceTree = "<group>"; };
/* End PBXFileReference section */

/* Begin PBXFrameworksBuildPhase section */
		296764CE28CCD65A0043A235 /* Frameworks */ = {
			isa = PBXFrameworksBuildPhase;
			buildActionMask = 2147483647;
			files = (
				29D040BD29B413E70003893D /* OpenAISwift in Frameworks */,
				52D56B432A417B4100F5D2DD /* FirebaseStorage in Frameworks */,
				52D56B3F2A417B4100F5D2DD /* FirebaseAuth in Frameworks */,
				52D56B412A417B4100F5D2DD /* FirebaseFirestore in Frameworks */,
			);
			runOnlyForDeploymentPostprocessing = 0;
		};
		296764DE28CCD65C0043A235 /* Frameworks */ = {
			isa = PBXFrameworksBuildPhase;
			buildActionMask = 2147483647;
			files = (
			);
			runOnlyForDeploymentPostprocessing = 0;
		};
		296764E828CCD65C0043A235 /* Frameworks */ = {
			isa = PBXFrameworksBuildPhase;
			buildActionMask = 2147483647;
			files = (
			);
			runOnlyForDeploymentPostprocessing = 0;
		};
/* End PBXFrameworksBuildPhase section */

/* Begin PBXGroup section */
		29420EA429A8599B000FDE9C /* School */ = {
			isa = PBXGroup;
			children = (
				29420EA729A859E9000FDE9C /* SpecificViews */,
				2967650528CD5A290043A235 /* SchoolInfoView.swift */,
				29420E9E29A85545000FDE9C /* CustomPDFView.swift */,
				29420EA229A855A5000FDE9C /* Utilities.swift */,
			);
			path = School;
			sourceTree = "<group>";
		};
		29420EA729A859E9000FDE9C /* SpecificViews */ = {
			isa = PBXGroup;
			children = (
				29420EA829A85A02000FDE9C /* SchedulesView.swift */,
				29420EB629A8EAF1000FDE9C /* PolicyView.swift */,
				29420EC029A8EF3E000FDE9C /* ProgramsView.swift */,
			);
			path = SpecificViews;
			sourceTree = "<group>";
		};
		29420ECC29AA8C2F000FDE9C /* ShareImages */ = {
			isa = PBXGroup;
			children = (
				29420ECA29AA8BA8000FDE9C /* MainMessagesView.swift */,
				29420ECD29AA9712000FDE9C /* ImagePicker.swift */,
			);
			path = ShareImages;
			sourceTree = "<group>";
		};
		296764C828CCD65A0043A235 = {
			isa = PBXGroup;
			children = (
				296764D328CCD65A0043A235 /* TimeTrackApp */,
				296764E428CCD65C0043A235 /* TimeTrackAppTests */,
				296764EE28CCD65C0043A235 /* TimeTrackAppUITests */,
				296764D228CCD65A0043A235 /* Products */,
			);
			sourceTree = "<group>";
		};
		296764D228CCD65A0043A235 /* Products */ = {
			isa = PBXGroup;
			children = (
				296764D128CCD65A0043A235 /* TimeTrackApp.app */,
				296764E128CCD65C0043A235 /* TimeTrackAppTests.xctest */,
				296764EB28CCD65C0043A235 /* TimeTrackAppUITests.xctest */,
			);
			name = Products;
			sourceTree = "<group>";
		};
		296764D328CCD65A0043A235 /* TimeTrackApp */ = {
			isa = PBXGroup;
			children = (
				2976F2DE2A3BAC2E0071CF22 /* TestingNewIdeas */,
				2999BEC629575ED200DEF6F6 /* Data */,
				944B28F028DA0D89003C52DD /* LoginViews */,
				2967650F28CD62620043A235 /* UserViews */,
				296764FE28CCD6660043A235 /* Recources */,
				296764DA28CCD65C0043A235 /* Preview Content */,
			);
			path = TimeTrackApp;
			sourceTree = "<group>";
		};
		296764DA28CCD65C0043A235 /* Preview Content */ = {
			isa = PBXGroup;
			children = (
				296764DB28CCD65C0043A235 /* Preview Assets.xcassets */,
			);
			path = "Preview Content";
			sourceTree = "<group>";
		};
		296764E428CCD65C0043A235 /* TimeTrackAppTests */ = {
			isa = PBXGroup;
			children = (
				296764E528CCD65C0043A235 /* TimeTrackAppTests.swift */,
			);
			path = TimeTrackAppTests;
			sourceTree = "<group>";
		};
		296764EE28CCD65C0043A235 /* TimeTrackAppUITests */ = {
			isa = PBXGroup;
			children = (
				296764EF28CCD65C0043A235 /* TimeTrackAppUITests.swift */,
				296764F128CCD65C0043A235 /* TimeTrackAppUITestsLaunchTests.swift */,
			);
			path = TimeTrackAppUITests;
			sourceTree = "<group>";
		};
		296764FE28CCD6660043A235 /* Recources */ = {
			isa = PBXGroup;
			children = (
				29420EC829A902B4000FDE9C /* AP_Courses.pdf */,
				29420EC629A90223000FDE9C /* Sterling_Scholar.pdf */,
				29420EC429A9016F000FDE9C /* CTE_Classes.pdf */,
				29420EC229A8F12E000FDE9C /* Concurrent_Enrollment.pdf */,
				29420EBE29A8EEC5000FDE9C /* District_Policy.pdf */,
				29420EBC29A8EE75000FDE9C /* Technology_Policy.pdf */,
				29420EBA29A8EDDB000FDE9C /* School_Fee_Policy.pdf */,
				29420EB829A8ED79000FDE9C /* Attendance_Policy.pdf */,
				29420EB429A8EA92000FDE9C /* School_Disclosure.pdf */,
				29420EB229A8EA23000FDE9C /* Fee_Schedules.pdf */,
				29420EAF29A8E8B3000FDE9C /* Friday_Schedule.pdf */,
				29420EAE29A8E8B3000FDE9C /* School_Schedule.pdf */,
				29420EA529A859E0000FDE9C /* Lunch-Schedule.pdf */,
				29420E9A29A854E0000FDE9C /* AB-Calendar.pdf */,
				296764D428CCD65A0043A235 /* TimeTrackAppApp.swift */,
				296764D828CCD65C0043A235 /* Assets.xcassets */,
			);
			path = Recources;
			sourceTree = "<group>";
		};
		2967650F28CD62620043A235 /* UserViews */ = {
			isa = PBXGroup;
			children = (
				2976F2E22A3BB44D0071CF22 /* Dashboard */,
				2999BEBE2954C3C000DEF6F6 /* Messages */,
				2999BEC429560D6400DEF6F6 /* Attendance */,
				2999BEC329560D4900DEF6F6 /* Profile */,
				29420ECC29AA8C2F000FDE9C /* ShareImages */,
				29420EA429A8599B000FDE9C /* School */,
				29DDC35D28DB9D4B00FCC3F0 /* MapView.swift */,
				29DDC36028DC10DD00FCC3F0 /* EventsView.swift */,
			);
			path = UserViews;
			sourceTree = "<group>";
		};
		2976F2E22A3BB44D0071CF22 /* Dashboard */ = {
			isa = PBXGroup;
			children = (
				2967650328CD5A180043A235 /* DashboardView.swift */,
				2967650728CD5A600043A235 /* UpcomingEventsView.swift */,
				2976F2E02A3BB43C0071CF22 /* LoadEvent.swift */,
				2976F2E52A3BB9D10071CF22 /* Events.swift */,
			);
			path = Dashboard;
			sourceTree = "<group>";
		};
		2999BEBE2954C3C000DEF6F6 /* Messages */ = {
			isa = PBXGroup;
			children = (
				2967650B28CD5B410043A235 /* SocialView.swift */,
				2999BEBF2954C3D800DEF6F6 /* BotResponse.swift */,
			);
			path = Messages;
			sourceTree = "<group>";
		};
		2999BEC329560D4900DEF6F6 /* Profile */ = {
			isa = PBXGroup;
			children = (
				2967650D28CD5CAE0043A235 /* ProfileView.swift */,
				2999BEC129560D3C00DEF6F6 /* ProfileConfirmationView.swift */,
			);
			path = Profile;
			sourceTree = "<group>";
		};
		2999BEC429560D6400DEF6F6 /* Attendance */ = {
			isa = PBXGroup;
			children = (
				2967650928CD5B2B0043A235 /* AttendanceView.swift */,
				29FE3B1128DE52AB0026B8E3 /* AttendanceConfirmationView.swift */,
			);
			path = Attendance;
			sourceTree = "<group>";
		};
		2999BEC529560D7D00DEF6F6 /* CreateAccount */ = {
			isa = PBXGroup;
			children = (
				2992F27128E3852600DC69AA /* CreateAccountConfirmationView.swift */,
				94979E6028DDFAFC00105B3C /* CreateAccountView.swift */,
			);
			path = CreateAccount;
			sourceTree = "<group>";
		};
		2999BEC629575ED200DEF6F6 /* Data */ = {
			isa = PBXGroup;
			children = (
				944B28F128DA0D9A003C52DD /* EventsData */,
				29FE3B1A28DF96BD0026B8E3 /* AnnouncementData */,
				29FE3B0B28DD4EE20026B8E3 /* StudentsData */,
			);
			path = Data;
			sourceTree = "<group>";
		};
		29FE3B0B28DD4EE20026B8E3 /* StudentsData */ = {
			isa = PBXGroup;
			children = (
				29FE3B0C28DD4F220026B8E3 /* User.swift */,
				29FE3B0E28DD4F320026B8E3 /* UserData.swift */,
			);
			path = StudentsData;
			sourceTree = "<group>";
		};
		29FE3B1A28DF96BD0026B8E3 /* AnnouncementData */ = {
			isa = PBXGroup;
			children = (
				29FE3B1B28DF96DE0026B8E3 /* Announcement.swift */,
				29FE3B1D28DF96EC0026B8E3 /* AnnouncementData.swift */,
			);
			path = AnnouncementData;
			sourceTree = "<group>";
		};
		944B28F028DA0D89003C52DD /* LoginViews */ = {
			isa = PBXGroup;
			children = (
				2999BEC529560D7D00DEF6F6 /* CreateAccount */,
				296764FF28CCD6D80043A235 /* SplashScreenView.swift */,
				52D56B442A417C1100F5D2DD /* GoogleService-Info.plist */,
				296764D628CCD65A0043A235 /* LoginView.swift */,
				2967650128CD570F0043A235 /* TabBarView.swift */,
				29D040B929B3AD440003893D /* WebView.swift */,
			);
			path = LoginViews;
			sourceTree = "<group>";
		};
		944B28F128DA0D9A003C52DD /* EventsData */ = {
			isa = PBXGroup;
			children = (
				944B28F228DA0E98003C52DD /* Maps.swift */,
				944B28F428DA0EC5003C52DD /* MapsData.swift */,
			);
			path = EventsData;
			sourceTree = "<group>";
		};
/* End PBXGroup section */

/* Begin PBXNativeTarget section */
		296764D028CCD65A0043A235 /* TimeTrackApp */ = {
			isa = PBXNativeTarget;
			buildConfigurationList = 296764F528CCD65C0043A235 /* Build configuration list for PBXNativeTarget "TimeTrackApp" */;
			buildPhases = (
				296764CD28CCD65A0043A235 /* Sources */,
				296764CE28CCD65A0043A235 /* Frameworks */,
				296764CF28CCD65A0043A235 /* Resources */,
			);
			buildRules = (
			);
			dependencies = (
			);
			name = TimeTrackApp;
			packageProductDependencies = (
				29D040BC29B413E70003893D /* OpenAISwift */,
				52D56B3E2A417B4100F5D2DD /* FirebaseAuth */,
				52D56B402A417B4100F5D2DD /* FirebaseFirestore */,
				52D56B422A417B4100F5D2DD /* FirebaseStorage */,
			);
			productName = TimeTrackApp;
			productReference = 296764D128CCD65A0043A235 /* TimeTrackApp.app */;
			productType = "com.apple.product-type.application";
		};
		296764E028CCD65C0043A235 /* TimeTrackAppTests */ = {
			isa = PBXNativeTarget;
			buildConfigurationList = 296764F828CCD65C0043A235 /* Build configuration list for PBXNativeTarget "TimeTrackAppTests" */;
			buildPhases = (
				296764DD28CCD65C0043A235 /* Sources */,
				296764DE28CCD65C0043A235 /* Frameworks */,
				296764DF28CCD65C0043A235 /* Resources */,
			);
			buildRules = (
			);
			dependencies = (
				296764E328CCD65C0043A235 /* PBXTargetDependency */,
			);
			name = TimeTrackAppTests;
			productName = TimeTrackAppTests;
			productReference = 296764E128CCD65C0043A235 /* TimeTrackAppTests.xctest */;
			productType = "com.apple.product-type.bundle.unit-test";
		};
		296764EA28CCD65C0043A235 /* TimeTrackAppUITests */ = {
			isa = PBXNativeTarget;
			buildConfigurationList = 296764FB28CCD65C0043A235 /* Build configuration list for PBXNativeTarget "TimeTrackAppUITests" */;
			buildPhases = (
				296764E728CCD65C0043A235 /* Sources */,
				296764E828CCD65C0043A235 /* Frameworks */,
				296764E928CCD65C0043A235 /* Resources */,
			);
			buildRules = (
			);
			dependencies = (
				296764ED28CCD65C0043A235 /* PBXTargetDependency */,
			);
			name = TimeTrackAppUITests;
			productName = TimeTrackAppUITests;
			productReference = 296764EB28CCD65C0043A235 /* TimeTrackAppUITests.xctest */;
			productType = "com.apple.product-type.bundle.ui-testing";
		};
/* End PBXNativeTarget section */

/* Begin PBXProject section */
		296764C928CCD65A0043A235 /* Project object */ = {
			isa = PBXProject;
			attributes = {
				BuildIndependentTargetsInParallel = 1;
				LastSwiftUpdateCheck = 1340;
				LastUpgradeCheck = 1340;
				TargetAttributes = {
					296764D028CCD65A0043A235 = {
						CreatedOnToolsVersion = 13.4.1;
					};
					296764E028CCD65C0043A235 = {
						CreatedOnToolsVersion = 13.4.1;
						TestTargetID = 296764D028CCD65A0043A235;
					};
					296764EA28CCD65C0043A235 = {
						CreatedOnToolsVersion = 13.4.1;
						TestTargetID = 296764D028CCD65A0043A235;
					};
				};
			};
			buildConfigurationList = 296764CC28CCD65A0043A235 /* Build configuration list for PBXProject "TimeTrackApp" */;
			compatibilityVersion = "Xcode 13.0";
			developmentRegion = en;
			hasScannedForEncodings = 0;
			knownRegions = (
				en,
				Base,
			);
			mainGroup = 296764C828CCD65A0043A235;
			packageReferences = (
				29D040BB29B413E70003893D /* XCRemoteSwiftPackageReference "OpenAISwift" */,
				52D56B3D2A417B4100F5D2DD /* XCRemoteSwiftPackageReference "firebase-ios-sdk" */,
			);
			productRefGroup = 296764D228CCD65A0043A235 /* Products */;
			projectDirPath = "";
			projectRoot = "";
			targets = (
				296764D028CCD65A0043A235 /* TimeTrackApp */,
				296764E028CCD65C0043A235 /* TimeTrackAppTests */,
				296764EA28CCD65C0043A235 /* TimeTrackAppUITests */,
			);
		};
/* End PBXProject section */

/* Begin PBXResourcesBuildPhase section */
		296764CF28CCD65A0043A235 /* Resources */ = {
			isa = PBXResourcesBuildPhase;
			buildActionMask = 2147483647;
			files = (
				29420E9C29A854E0000FDE9C /* AB-Calendar.pdf in Resources */,
				29420EBB29A8EDDB000FDE9C /* School_Fee_Policy.pdf in Resources */,
				29420EC529A9016F000FDE9C /* CTE_Classes.pdf in Resources */,
				29420EB929A8ED79000FDE9C /* Attendance_Policy.pdf in Resources */,
				29420EC329A8F12E000FDE9C /* Concurrent_Enrollment.pdf in Resources */,
				29420EB529A8EA92000FDE9C /* School_Disclosure.pdf in Resources */,
				29420EBF29A8EEC5000FDE9C /* District_Policy.pdf in Resources */,
				296764DC28CCD65C0043A235 /* Preview Assets.xcassets in Resources */,
				29420EBD29A8EE75000FDE9C /* Technology_Policy.pdf in Resources */,
				29420EC729A90223000FDE9C /* Sterling_Scholar.pdf in Resources */,
				29420EC929A902B4000FDE9C /* AP_Courses.pdf in Resources */,
				52D56B452A417C1100F5D2DD /* GoogleService-Info.plist in Resources */,
				29420EB329A8EA23000FDE9C /* Fee_Schedules.pdf in Resources */,
				29420EA629A859E0000FDE9C /* Lunch-Schedule.pdf in Resources */,
				29420EB029A8E8B4000FDE9C /* School_Schedule.pdf in Resources */,
				2976F2DF2A3BAC2E0071CF22 /* TestingNewIdeas in Resources */,
				29420EB129A8E8B4000FDE9C /* Friday_Schedule.pdf in Resources */,
				296764D928CCD65C0043A235 /* Assets.xcassets in Resources */,
			);
			runOnlyForDeploymentPostprocessing = 0;
		};
		296764DF28CCD65C0043A235 /* Resources */ = {
			isa = PBXResourcesBuildPhase;
			buildActionMask = 2147483647;
			files = (
			);
			runOnlyForDeploymentPostprocessing = 0;
		};
		296764E928CCD65C0043A235 /* Resources */ = {
			isa = PBXResourcesBuildPhase;
			buildActionMask = 2147483647;
			files = (
			);
			runOnlyForDeploymentPostprocessing = 0;
		};
/* End PBXResourcesBuildPhase section */

/* Begin PBXSourcesBuildPhase section */
		296764CD28CCD65A0043A235 /* Sources */ = {
			isa = PBXSourcesBuildPhase;
			buildActionMask = 2147483647;
			files = (
				2999BEC229560D3C00DEF6F6 /* ProfileConfirmationView.swift in Sources */,
				944B28F528DA0EC5003C52DD /* MapsData.swift in Sources */,
				29420ECB29AA8BA8000FDE9C /* MainMessagesView.swift in Sources */,
				29D040BA29B3AD440003893D /* WebView.swift in Sources */,
				29DDC36128DC10DD00FCC3F0 /* EventsView.swift in Sources */,
				29FE3B1228DE52AB0026B8E3 /* AttendanceConfirmationView.swift in Sources */,
				29FE3B0F28DD4F320026B8E3 /* UserData.swift in Sources */,
				296764D728CCD65A0043A235 /* LoginView.swift in Sources */,
				2967650A28CD5B2B0043A235 /* AttendanceView.swift in Sources */,
				29420EA929A85A02000FDE9C /* SchedulesView.swift in Sources */,
				2967650E28CD5CAE0043A235 /* ProfileView.swift in Sources */,
				29DDC35E28DB9D4B00FCC3F0 /* MapView.swift in Sources */,
				2976F2E62A3BB9D10071CF22 /* Events.swift in Sources */,
				2976F2E12A3BB43C0071CF22 /* LoadEvent.swift in Sources */,
				2967650228CD570F0043A235 /* TabBarView.swift in Sources */,
				2967650628CD5A290043A235 /* SchoolInfoView.swift in Sources */,
				29FE3B1E28DF96EC0026B8E3 /* AnnouncementData.swift in Sources */,
				29FE3B0D28DD4F220026B8E3 /* User.swift in Sources */,
				2967650428CD5A180043A235 /* DashboardView.swift in Sources */,
				29420E9F29A85545000FDE9C /* CustomPDFView.swift in Sources */,
				2967650C28CD5B410043A235 /* SocialView.swift in Sources */,
				29FE3B1C28DF96DE0026B8E3 /* Announcement.swift in Sources */,
				29420EB729A8EAF1000FDE9C /* PolicyView.swift in Sources */,
				296764D528CCD65A0043A235 /* TimeTrackAppApp.swift in Sources */,
				2999BEC02954C3D900DEF6F6 /* BotResponse.swift in Sources */,
				94979E6128DDFAFC00105B3C /* CreateAccountView.swift in Sources */,
				944B28F328DA0E98003C52DD /* Maps.swift in Sources */,
				29420EC129A8EF3E000FDE9C /* ProgramsView.swift in Sources */,
				2967650828CD5A600043A235 /* UpcomingEventsView.swift in Sources */,
				2967650028CCD6D80043A235 /* SplashScreenView.swift in Sources */,
				29420ECE29AA9712000FDE9C /* ImagePicker.swift in Sources */,
				29420EA329A855A5000FDE9C /* Utilities.swift in Sources */,
				2992F27228E3852600DC69AA /* CreateAccountConfirmationView.swift in Sources */,
			);
			runOnlyForDeploymentPostprocessing = 0;
		};
		296764DD28CCD65C0043A235 /* Sources */ = {
			isa = PBXSourcesBuildPhase;
			buildActionMask = 2147483647;
			files = (
				296764E628CCD65C0043A235 /* TimeTrackAppTests.swift in Sources */,
			);
			runOnlyForDeploymentPostprocessing = 0;
		};
		296764E728CCD65C0043A235 /* Sources */ = {
			isa = PBXSourcesBuildPhase;
			buildActionMask = 2147483647;
			files = (
				296764F028CCD65C0043A235 /* TimeTrackAppUITests.swift in Sources */,
				296764F228CCD65C0043A235 /* TimeTrackAppUITestsLaunchTests.swift in Sources */,
			);
			runOnlyForDeploymentPostprocessing = 0;
		};
/* End PBXSourcesBuildPhase section */

/* Begin PBXTargetDependency section */
		296764E328CCD65C0043A235 /* PBXTargetDependency */ = {
			isa = PBXTargetDependency;
			target = 296764D028CCD65A0043A235 /* TimeTrackApp */;
			targetProxy = 296764E228CCD65C0043A235 /* PBXContainerItemProxy */;
		};
		296764ED28CCD65C0043A235 /* PBXTargetDependency */ = {
			isa = PBXTargetDependency;
			target = 296764D028CCD65A0043A235 /* TimeTrackApp */;
			targetProxy = 296764EC28CCD65C0043A235 /* PBXContainerItemProxy */;
		};
/* End PBXTargetDependency section */

/* Begin XCBuildConfiguration section */
		296764F328CCD65C0043A235 /* Debug */ = {
			isa = XCBuildConfiguration;
			buildSettings = {
				ALWAYS_SEARCH_USER_PATHS = NO;
				CLANG_ANALYZER_NONNULL = YES;
				CLANG_ANALYZER_NUMBER_OBJECT_CONVERSION = YES_AGGRESSIVE;
				CLANG_CXX_LANGUAGE_STANDARD = "gnu++17";
				CLANG_ENABLE_MODULES = YES;
				CLANG_ENABLE_OBJC_ARC = YES;
				CLANG_ENABLE_OBJC_WEAK = YES;
				CLANG_WARN_BLOCK_CAPTURE_AUTORELEASING = YES;
				CLANG_WARN_BOOL_CONVERSION = YES;
				CLANG_WARN_COMMA = YES;
				CLANG_WARN_CONSTANT_CONVERSION = YES;
				CLANG_WARN_DEPRECATED_OBJC_IMPLEMENTATIONS = YES;
				CLANG_WARN_DIRECT_OBJC_ISA_USAGE = YES_ERROR;
				CLANG_WARN_DOCUMENTATION_COMMENTS = YES;
				CLANG_WARN_EMPTY_BODY = YES;
				CLANG_WARN_ENUM_CONVERSION = YES;
				CLANG_WARN_INFINITE_RECURSION = YES;
				CLANG_WARN_INT_CONVERSION = YES;
				CLANG_WARN_NON_LITERAL_NULL_CONVERSION = YES;
				CLANG_WARN_OBJC_IMPLICIT_RETAIN_SELF = YES;
				CLANG_WARN_OBJC_LITERAL_CONVERSION = YES;
				CLANG_WARN_OBJC_ROOT_CLASS = YES_ERROR;
				CLANG_WARN_QUOTED_INCLUDE_IN_FRAMEWORK_HEADER = YES;
				CLANG_WARN_RANGE_LOOP_ANALYSIS = YES;
				CLANG_WARN_STRICT_PROTOTYPES = YES;
				CLANG_WARN_SUSPICIOUS_MOVE = YES;
				CLANG_WARN_UNGUARDED_AVAILABILITY = YES_AGGRESSIVE;
				CLANG_WARN_UNREACHABLE_CODE = YES;
				CLANG_WARN__DUPLICATE_METHOD_MATCH = YES;
				COPY_PHASE_STRIP = NO;
				DEBUG_INFORMATION_FORMAT = dwarf;
				ENABLE_STRICT_OBJC_MSGSEND = YES;
				ENABLE_TESTABILITY = YES;
				GCC_C_LANGUAGE_STANDARD = gnu11;
				GCC_DYNAMIC_NO_PIC = NO;
				GCC_NO_COMMON_BLOCKS = YES;
				GCC_OPTIMIZATION_LEVEL = 0;
				GCC_PREPROCESSOR_DEFINITIONS = (
					"DEBUG=1",
					"$(inherited)",
				);
				GCC_WARN_64_TO_32_BIT_CONVERSION = YES;
				GCC_WARN_ABOUT_RETURN_TYPE = YES_ERROR;
				GCC_WARN_UNDECLARED_SELECTOR = YES;
				GCC_WARN_UNINITIALIZED_AUTOS = YES_AGGRESSIVE;
				GCC_WARN_UNUSED_FUNCTION = YES;
				GCC_WARN_UNUSED_VARIABLE = YES;
				IPHONEOS_DEPLOYMENT_TARGET = 15.5;
				MTL_ENABLE_DEBUG_INFO = INCLUDE_SOURCE;
				MTL_FAST_MATH = YES;
				ONLY_ACTIVE_ARCH = YES;
				SDKROOT = iphoneos;
				SWIFT_ACTIVE_COMPILATION_CONDITIONS = DEBUG;
				SWIFT_OPTIMIZATION_LEVEL = "-Onone";
			};
			name = Debug;
		};
		296764F428CCD65C0043A235 /* Release */ = {
			isa = XCBuildConfiguration;
			buildSettings = {
				ALWAYS_SEARCH_USER_PATHS = NO;
				CLANG_ANALYZER_NONNULL = YES;
				CLANG_ANALYZER_NUMBER_OBJECT_CONVERSION = YES_AGGRESSIVE;
				CLANG_CXX_LANGUAGE_STANDARD = "gnu++17";
				CLANG_ENABLE_MODULES = YES;
				CLANG_ENABLE_OBJC_ARC = YES;
				CLANG_ENABLE_OBJC_WEAK = YES;
				CLANG_WARN_BLOCK_CAPTURE_AUTORELEASING = YES;
				CLANG_WARN_BOOL_CONVERSION = YES;
				CLANG_WARN_COMMA = YES;
				CLANG_WARN_CONSTANT_CONVERSION = YES;
				CLANG_WARN_DEPRECATED_OBJC_IMPLEMENTATIONS = YES;
				CLANG_WARN_DIRECT_OBJC_ISA_USAGE = YES_ERROR;
				CLANG_WARN_DOCUMENTATION_COMMENTS = YES;
				CLANG_WARN_EMPTY_BODY = YES;
				CLANG_WARN_ENUM_CONVERSION = YES;
				CLANG_WARN_INFINITE_RECURSION = YES;
				CLANG_WARN_INT_CONVERSION = YES;
				CLANG_WARN_NON_LITERAL_NULL_CONVERSION = YES;
				CLANG_WARN_OBJC_IMPLICIT_RETAIN_SELF = YES;
				CLANG_WARN_OBJC_LITERAL_CONVERSION = YES;
				CLANG_WARN_OBJC_ROOT_CLASS = YES_ERROR;
				CLANG_WARN_QUOTED_INCLUDE_IN_FRAMEWORK_HEADER = YES;
				CLANG_WARN_RANGE_LOOP_ANALYSIS = YES;
				CLANG_WARN_STRICT_PROTOTYPES = YES;
				CLANG_WARN_SUSPICIOUS_MOVE = YES;
				CLANG_WARN_UNGUARDED_AVAILABILITY = YES_AGGRESSIVE;
				CLANG_WARN_UNREACHABLE_CODE = YES;
				CLANG_WARN__DUPLICATE_METHOD_MATCH = YES;
				COPY_PHASE_STRIP = NO;
				DEBUG_INFORMATION_FORMAT = "dwarf-with-dsym";
				ENABLE_NS_ASSERTIONS = NO;
				ENABLE_STRICT_OBJC_MSGSEND = YES;
				GCC_C_LANGUAGE_STANDARD = gnu11;
				GCC_NO_COMMON_BLOCKS = YES;
				GCC_WARN_64_TO_32_BIT_CONVERSION = YES;
				GCC_WARN_ABOUT_RETURN_TYPE = YES_ERROR;
				GCC_WARN_UNDECLARED_SELECTOR = YES;
				GCC_WARN_UNINITIALIZED_AUTOS = YES_AGGRESSIVE;
				GCC_WARN_UNUSED_FUNCTION = YES;
				GCC_WARN_UNUSED_VARIABLE = YES;
				IPHONEOS_DEPLOYMENT_TARGET = 15.5;
				MTL_ENABLE_DEBUG_INFO = NO;
				MTL_FAST_MATH = YES;
				SDKROOT = iphoneos;
				SWIFT_COMPILATION_MODE = wholemodule;
				SWIFT_OPTIMIZATION_LEVEL = "-O";
				VALIDATE_PRODUCT = YES;
			};
			name = Release;
		};
		296764F628CCD65C0043A235 /* Debug */ = {
			isa = XCBuildConfiguration;
			buildSettings = {
				ASSETCATALOG_COMPILER_APPICON_NAME = AppIcon;
				ASSETCATALOG_COMPILER_GLOBAL_ACCENT_COLOR_NAME = AccentColor;
				CODE_SIGN_STYLE = Automatic;
				CURRENT_PROJECT_VERSION = 1;
				DEVELOPMENT_ASSET_PATHS = "\"TimeTrackApp/Preview Content\"";
				DEVELOPMENT_TEAM = K87377775L;
				ENABLE_PREVIEWS = YES;
				GENERATE_INFOPLIST_FILE = YES;
				INFOPLIST_KEY_CFBundleDisplayName = ATLAS;
				INFOPLIST_KEY_UIApplicationSceneManifest_Generation = YES;
				INFOPLIST_KEY_UIApplicationSupportsIndirectInputEvents = YES;
				INFOPLIST_KEY_UILaunchScreen_Generation = YES;
				INFOPLIST_KEY_UISupportedInterfaceOrientations_iPad = "UIInterfaceOrientationPortrait UIInterfaceOrientationPortraitUpsideDown UIInterfaceOrientationLandscapeLeft UIInterfaceOrientationLandscapeRight";
				INFOPLIST_KEY_UISupportedInterfaceOrientations_iPhone = "UIInterfaceOrientationPortrait UIInterfaceOrientationLandscapeLeft UIInterfaceOrientationLandscapeRight";
				IPHONEOS_DEPLOYMENT_TARGET = 15.5;
				LD_RUNPATH_SEARCH_PATHS = (
					"$(inherited)",
					"@executable_path/Frameworks",
				);
				MARKETING_VERSION = 1.0;
				PRODUCT_BUNDLE_IDENTIFIER = FBLA.TimeTrackApp;
				PRODUCT_NAME = "$(TARGET_NAME)";
				SWIFT_EMIT_LOC_STRINGS = YES;
				SWIFT_VERSION = 5.0;
				TARGETED_DEVICE_FAMILY = "1,2";
			};
			name = Debug;
		};
		296764F728CCD65C0043A235 /* Release */ = {
			isa = XCBuildConfiguration;
			buildSettings = {
				ASSETCATALOG_COMPILER_APPICON_NAME = AppIcon;
				ASSETCATALOG_COMPILER_GLOBAL_ACCENT_COLOR_NAME = AccentColor;
				CODE_SIGN_STYLE = Automatic;
				CURRENT_PROJECT_VERSION = 1;
				DEVELOPMENT_ASSET_PATHS = "\"TimeTrackApp/Preview Content\"";
				DEVELOPMENT_TEAM = K87377775L;
				ENABLE_PREVIEWS = YES;
				GENERATE_INFOPLIST_FILE = YES;
				INFOPLIST_KEY_CFBundleDisplayName = ATLAS;
				INFOPLIST_KEY_UIApplicationSceneManifest_Generation = YES;
				INFOPLIST_KEY_UIApplicationSupportsIndirectInputEvents = YES;
				INFOPLIST_KEY_UILaunchScreen_Generation = YES;
				INFOPLIST_KEY_UISupportedInterfaceOrientations_iPad = "UIInterfaceOrientationPortrait UIInterfaceOrientationPortraitUpsideDown UIInterfaceOrientationLandscapeLeft UIInterfaceOrientationLandscapeRight";
				INFOPLIST_KEY_UISupportedInterfaceOrientations_iPhone = "UIInterfaceOrientationPortrait UIInterfaceOrientationLandscapeLeft UIInterfaceOrientationLandscapeRight";
				IPHONEOS_DEPLOYMENT_TARGET = 15.5;
				LD_RUNPATH_SEARCH_PATHS = (
					"$(inherited)",
					"@executable_path/Frameworks",
				);
				MARKETING_VERSION = 1.0;
				PRODUCT_BUNDLE_IDENTIFIER = FBLA.TimeTrackApp;
				PRODUCT_NAME = "$(TARGET_NAME)";
				SWIFT_EMIT_LOC_STRINGS = YES;
				SWIFT_VERSION = 5.0;
				TARGETED_DEVICE_FAMILY = "1,2";
			};
			name = Release;
		};
		296764F928CCD65C0043A235 /* Debug */ = {
			isa = XCBuildConfiguration;
			buildSettings = {
				ALWAYS_EMBED_SWIFT_STANDARD_LIBRARIES = YES;
				BUNDLE_LOADER = "$(TEST_HOST)";
				CODE_SIGN_STYLE = Automatic;
				CURRENT_PROJECT_VERSION = 1;
				GENERATE_INFOPLIST_FILE = YES;
				IPHONEOS_DEPLOYMENT_TARGET = 15.5;
				MARKETING_VERSION = 1.0;
				PRODUCT_BUNDLE_IDENTIFIER = FBLA.TimeTrackAppTests;
				PRODUCT_NAME = "$(TARGET_NAME)";
				SWIFT_EMIT_LOC_STRINGS = NO;
				SWIFT_VERSION = 5.0;
				TARGETED_DEVICE_FAMILY = "1,2";
				TEST_HOST = "$(BUILT_PRODUCTS_DIR)/TimeTrackApp.app/TimeTrackApp";
			};
			name = Debug;
		};
		296764FA28CCD65C0043A235 /* Release */ = {
			isa = XCBuildConfiguration;
			buildSettings = {
				ALWAYS_EMBED_SWIFT_STANDARD_LIBRARIES = YES;
				BUNDLE_LOADER = "$(TEST_HOST)";
				CODE_SIGN_STYLE = Automatic;
				CURRENT_PROJECT_VERSION = 1;
				GENERATE_INFOPLIST_FILE = YES;
				IPHONEOS_DEPLOYMENT_TARGET = 15.5;
				MARKETING_VERSION = 1.0;
				PRODUCT_BUNDLE_IDENTIFIER = FBLA.TimeTrackAppTests;
				PRODUCT_NAME = "$(TARGET_NAME)";
				SWIFT_EMIT_LOC_STRINGS = NO;
				SWIFT_VERSION = 5.0;
				TARGETED_DEVICE_FAMILY = "1,2";
				TEST_HOST = "$(BUILT_PRODUCTS_DIR)/TimeTrackApp.app/TimeTrackApp";
			};
			name = Release;
		};
		296764FC28CCD65C0043A235 /* Debug */ = {
			isa = XCBuildConfiguration;
			buildSettings = {
				ALWAYS_EMBED_SWIFT_STANDARD_LIBRARIES = YES;
				CODE_SIGN_STYLE = Automatic;
				CURRENT_PROJECT_VERSION = 1;
				GENERATE_INFOPLIST_FILE = YES;
				MARKETING_VERSION = 1.0;
				PRODUCT_BUNDLE_IDENTIFIER = FBLA.TimeTrackAppUITests;
				PRODUCT_NAME = "$(TARGET_NAME)";
				SWIFT_EMIT_LOC_STRINGS = NO;
				SWIFT_VERSION = 5.0;
				TARGETED_DEVICE_FAMILY = "1,2";
				TEST_TARGET_NAME = TimeTrackApp;
			};
			name = Debug;
		};
		296764FD28CCD65C0043A235 /* Release */ = {
			isa = XCBuildConfiguration;
			buildSettings = {
				ALWAYS_EMBED_SWIFT_STANDARD_LIBRARIES = YES;
				CODE_SIGN_STYLE = Automatic;
				CURRENT_PROJECT_VERSION = 1;
				GENERATE_INFOPLIST_FILE = YES;
				MARKETING_VERSION = 1.0;
				PRODUCT_BUNDLE_IDENTIFIER = FBLA.TimeTrackAppUITests;
				PRODUCT_NAME = "$(TARGET_NAME)";
				SWIFT_EMIT_LOC_STRINGS = NO;
				SWIFT_VERSION = 5.0;
				TARGETED_DEVICE_FAMILY = "1,2";
				TEST_TARGET_NAME = TimeTrackApp;
			};
			name = Release;
		};
/* End XCBuildConfiguration section */

/* Begin XCConfigurationList section */
		296764CC28CCD65A0043A235 /* Build configuration list for PBXProject "TimeTrackApp" */ = {
			isa = XCConfigurationList;
			buildConfigurations = (
				296764F328CCD65C0043A235 /* Debug */,
				296764F428CCD65C0043A235 /* Release */,
			);
			defaultConfigurationIsVisible = 0;
			defaultConfigurationName = Release;
		};
		296764F528CCD65C0043A235 /* Build configuration list for PBXNativeTarget "TimeTrackApp" */ = {
			isa = XCConfigurationList;
			buildConfigurations = (
				296764F628CCD65C0043A235 /* Debug */,
				296764F728CCD65C0043A235 /* Release */,
			);
			defaultConfigurationIsVisible = 0;
			defaultConfigurationName = Release;
		};
		296764F828CCD65C0043A235 /* Build configuration list for PBXNativeTarget "TimeTrackAppTests" */ = {
			isa = XCConfigurationList;
			buildConfigurations = (
				296764F928CCD65C0043A235 /* Debug */,
				296764FA28CCD65C0043A235 /* Release */,
			);
			defaultConfigurationIsVisible = 0;
			defaultConfigurationName = Release;
		};
		296764FB28CCD65C0043A235 /* Build configuration list for PBXNativeTarget "TimeTrackAppUITests" */ = {
			isa = XCConfigurationList;
			buildConfigurations = (
				296764FC28CCD65C0043A235 /* Debug */,
				296764FD28CCD65C0043A235 /* Release */,
			);
			defaultConfigurationIsVisible = 0;
			defaultConfigurationName = Release;
		};
/* End XCConfigurationList section */

/* Begin XCRemoteSwiftPackageReference section */
		29D040BB29B413E70003893D /* XCRemoteSwiftPackageReference "OpenAISwift" */ = {
			isa = XCRemoteSwiftPackageReference;
			repositoryURL = "https://github.com/adamrushy/OpenAISwift";
			requirement = {
				kind = upToNextMajorVersion;
				minimumVersion = 1.0.0;
			};
		};
		52D56B3D2A417B4100F5D2DD /* XCRemoteSwiftPackageReference "firebase-ios-sdk" */ = {
			isa = XCRemoteSwiftPackageReference;
			repositoryURL = "https://github.com/firebase/firebase-ios-sdk";
			requirement = {
				branch = master;
				kind = branch;
			};
		};
/* End XCRemoteSwiftPackageReference section */

/* Begin XCSwiftPackageProductDependency section */
		29D040BC29B413E70003893D /* OpenAISwift */ = {
			isa = XCSwiftPackageProductDependency;
			package = 29D040BB29B413E70003893D /* XCRemoteSwiftPackageReference "OpenAISwift" */;
			productName = OpenAISwift;
		};
		52D56B3E2A417B4100F5D2DD /* FirebaseAuth */ = {
			isa = XCSwiftPackageProductDependency;
			package = 52D56B3D2A417B4100F5D2DD /* XCRemoteSwiftPackageReference "firebase-ios-sdk" */;
			productName = FirebaseAuth;
		};
		52D56B402A417B4100F5D2DD /* FirebaseFirestore */ = {
			isa = XCSwiftPackageProductDependency;
			package = 52D56B3D2A417B4100F5D2DD /* XCRemoteSwiftPackageReference "firebase-ios-sdk" */;
			productName = FirebaseFirestore;
		};
		52D56B422A417B4100F5D2DD /* FirebaseStorage */ = {
			isa = XCSwiftPackageProductDependency;
			package = 52D56B3D2A417B4100F5D2DD /* XCRemoteSwiftPackageReference "firebase-ios-sdk" */;
			productName = FirebaseStorage;
		};
/* End XCSwiftPackageProductDependency section */
	};
	rootObject = 296764C928CCD65A0043A235 /* Project object */;
}
